
Microsoft Visual Studio Solution File, Format Version 12.00
# Visual Studio Version 16
VisualStudioVersion = 16.0.29926.136
MinimumVisualStudioVersion = 10.0.40219.1
Project("{FAE04EC0-301F-11D3-BF4B-00C04F79EFBC}") = "Practising3", "Practising3\Practising3.csproj", "{067070DA-5A31-4F26-96FF-ADE621FC79A4}"
EndProject
Global
	GlobalSection(SolutionConfigurationPlatforms) = preSolution
		Debug|Any CPU = Debug|Any CPU
		Release|Any CPU = Release|Any CPU
	EndGlobalSection
	GlobalSection(ProjectConfigurationPlatforms) = postSolution
		{067070DA-5A31-4F26-96FF-ADE621FC79A4}.Debug|Any CPU.ActiveCfg = Debug|Any CPU
		{067070DA-5A31-4F26-96FF-ADE621FC79A4}.Debug|Any CPU.Build.0 = Debug|Any CPU
		{067070DA-5A31-4F26-96FF-ADE621FC79A4}.Release|Any CPU.ActiveCfg = Release|Any CPU
		{067070DA-5A31-4F26-96FF-ADE621FC79A4}.Release|Any CPU.Build.0 = Release|Any CPU
	EndGlobalSection
	GlobalSection(SolutionProperties) = preSolution
		HideSolutionNode = FALSE
	EndGlobalSection
	GlobalSection(ExtensibilityGlobals) = postSolution
		SolutionGuid = {2534A0E6-48CA-4D1A-AEBD-0A8C35016E39}
	EndGlobalSection
EndGlobal
