
Microsoft Visual Studio Solution File, Format Version 12.00
# Visual Studio Version 16
VisualStudioVersion = 16.0.29926.136
MinimumVisualStudioVersion = 10.0.40219.1
Project("{FAE04EC0-301F-11D3-BF4B-00C04F79EFBC}") = "OOPPrac1", "OOPPrac1\OOPPrac1.csproj", "{944D1DE6-6E99-424F-8C3D-326A23D6B3CE}"
EndProject
Global
	GlobalSection(SolutionConfigurationPlatforms) = preSolution
		Debug|Any CPU = Debug|Any CPU
		Release|Any CPU = Release|Any CPU
	EndGlobalSection
	GlobalSection(ProjectConfigurationPlatforms) = postSolution
		{944D1DE6-6E99-424F-8C3D-326A23D6B3CE}.Debug|Any CPU.ActiveCfg = Debug|Any CPU
		{944D1DE6-6E99-424F-8C3D-326A23D6B3CE}.Debug|Any CPU.Build.0 = Debug|Any CPU
		{944D1DE6-6E99-424F-8C3D-326A23D6B3CE}.Release|Any CPU.ActiveCfg = Release|Any CPU
		{944D1DE6-6E99-424F-8C3D-326A23D6B3CE}.Release|Any CPU.Build.0 = Release|Any CPU
	EndGlobalSection
	GlobalSection(SolutionProperties) = preSolution
		HideSolutionNode = FALSE
	EndGlobalSection
	GlobalSection(ExtensibilityGlobals) = postSolution
		SolutionGuid = {2AAFBA08-553B-4E1E-B1E3-B7362D36A818}
	EndGlobalSection
EndGlobal
