
Microsoft Visual Studio Solution File, Format Version 12.00
# Visual Studio Version 16
VisualStudioVersion = 16.0.29926.136
MinimumVisualStudioVersion = 10.0.40219.1
Project("{FAE04EC0-301F-11D3-BF4B-00C04F79EFBC}") = "Practising12", "Practising12\Practising12.csproj", "{7EFA10BD-D2F6-4B53-B8BD-3F86121015DF}"
EndProject
Global
	GlobalSection(SolutionConfigurationPlatforms) = preSolution
		Debug|Any CPU = Debug|Any CPU
		Release|Any CPU = Release|Any CPU
	EndGlobalSection
	GlobalSection(ProjectConfigurationPlatforms) = postSolution
		{7EFA10BD-D2F6-4B53-B8BD-3F86121015DF}.Debug|Any CPU.ActiveCfg = Debug|Any CPU
		{7EFA10BD-D2F6-4B53-B8BD-3F86121015DF}.Debug|Any CPU.Build.0 = Debug|Any CPU
		{7EFA10BD-D2F6-4B53-B8BD-3F86121015DF}.Release|Any CPU.ActiveCfg = Release|Any CPU
		{7EFA10BD-D2F6-4B53-B8BD-3F86121015DF}.Release|Any CPU.Build.0 = Release|Any CPU
	EndGlobalSection
	GlobalSection(SolutionProperties) = preSolution
		HideSolutionNode = FALSE
	EndGlobalSection
	GlobalSection(ExtensibilityGlobals) = postSolution
		SolutionGuid = {A717B84E-AA49-42FF-9A10-CBE757159E9A}
	EndGlobalSection
EndGlobal
