
Microsoft Visual Studio Solution File, Format Version 12.00
# Visual Studio Version 16
VisualStudioVersion = 16.0.29926.136
MinimumVisualStudioVersion = 10.0.40219.1
Project("{FAE04EC0-301F-11D3-BF4B-00C04F79EFBC}") = "Practising2", "Practising2\Practising2.csproj", "{FF3B8427-1D6B-4EA9-A412-405F18116E7F}"
EndProject
Global
	GlobalSection(SolutionConfigurationPlatforms) = preSolution
		Debug|Any CPU = Debug|Any CPU
		Release|Any CPU = Release|Any CPU
	EndGlobalSection
	GlobalSection(ProjectConfigurationPlatforms) = postSolution
		{FF3B8427-1D6B-4EA9-A412-405F18116E7F}.Debug|Any CPU.ActiveCfg = Debug|Any CPU
		{FF3B8427-1D6B-4EA9-A412-405F18116E7F}.Debug|Any CPU.Build.0 = Debug|Any CPU
		{FF3B8427-1D6B-4EA9-A412-405F18116E7F}.Release|Any CPU.ActiveCfg = Release|Any CPU
		{FF3B8427-1D6B-4EA9-A412-405F18116E7F}.Release|Any CPU.Build.0 = Release|Any CPU
	EndGlobalSection
	GlobalSection(SolutionProperties) = preSolution
		HideSolutionNode = FALSE
	EndGlobalSection
	GlobalSection(ExtensibilityGlobals) = postSolution
		SolutionGuid = {CF42A3F9-19D0-4377-8393-37F4E8ACCD74}
	EndGlobalSection
EndGlobal
